{
    "_meta": {
        "hash": {
            "sha256": "963e8ff809f155c59a13e724637e25658a6d5e755266a3063010aa867a06ba28"
        },
        "host-environment-markers": {
            "implementation_name": "cpython",
            "implementation_version": "3.6.1",
            "os_name": "nt",
            "platform_machine": "AMD64",
            "platform_python_implementation": "CPython",
            "platform_release": "7",
            "platform_system": "Windows",
            "platform_version": "6.1.7601",
            "python_full_version": "3.6.1",
            "python_version": "3.6",
            "sys_platform": "win32"
        },
        "pipfile-spec": 6,
        "requires": {
            "python_version": "3.6"
        },
        "sources": [
            {
                "name": "pypi",
                "url": "https://pypi.org/simple",
                "verify_ssl": true
            }
        ]
    },
    "default": {
        "appdirs": {
            "hashes": [],
            "version": "==1.4.3"
        },
        "atomicwrites": {
            "hashes": [],
            "version": "==1.2.1"
        },
        "attrs": {
            "hashes": [],
            "version": "==18.2.0"
        },
        "beautifulsoup4": {
            "hashes": [],
            "version": "==4.6.3"
        },
        "bleach": {
            "hashes": [],
            "version": "==3.0.2"
        },
        "bs4": {
            "hashes": [],
            "version": "==0.0.1"
        },
        "certifi": {
            "hashes": [],
            "version": "==2018.10.15"
        },
        "chardet": {
            "hashes": [],
            "version": "==3.0.4"
        },
        "click": {
            "hashes": [],
            "version": "==7.0"
        },
        "colorama": {
            "hashes": [],
            "markers": "sys_platform == 'win32'",
            "version": "==0.4.1"
        },
        "cssselect": {
            "hashes": [],
            "version": "==1.0.3"
        },
        "docopt": {
            "hashes": [],
            "version": "==0.6.2"
        },
        "docutils": {
            "hashes": [],
            "version": "==0.14"
        },
        "fake-useragent": {
            "hashes": [],
            "version": "==0.1.11"
        },
        "flasgger": {
            "hashes": [],
            "version": "==0.9.2"
        },
        "flask": {
            "hashes": [],
            "version": "==1.0.2"
        },
        "idna": {
            "hashes": [],
            "version": "==2.7"
        },
        "itsdangerous": {
            "hashes": [],
            "version": "==1.1.0"
        },
        "jinja2": {
            "hashes": [],
            "version": "==2.10"
        },
        "jsonschema": {
            "hashes": [],
            "version": "==2.6.0"
        },
        "lxml": {
            "hashes": [],
            "version": "==4.2.5"
        },
        "markupsafe": {
            "hashes": [],
            "version": "==1.1.0"
        },
        "mistune": {
            "hashes": [],
            "version": "==0.8.4"
        },
        "more-itertools": {
            "hashes": [],
            "version": "==4.3.0"
        },
        "parse": {
            "hashes": [],
            "version": "==1.9.0"
        },
        "pkginfo": {
            "hashes": [],
            "version": "==1.4.2"
        },
        "pluggy": {
            "hashes": [],
            "version": "==0.8.0"
        },
        "py": {
            "hashes": [],
            "version": "==1.7.0"
        },
        "pyee": {
            "hashes": [],
            "version": "==5.0.0"
        },
        "pygments": {
            "hashes": [],
            "version": "==2.3.0"
        },
        "pyppeteer": {
            "hashes": [],
            "version": "==0.0.25"
        },
        "pyquery": {
            "hashes": [],
            "version": "==1.4.0"
        },
        "pytest": {
            "hashes": [],
            "version": "==4.0.1"
        },
        "pyyaml": {
            "hashes": [],
            "version": "==3.13"
        },
        "readme-renderer": {
            "hashes": [],
            "version": "==24.0"
        },
        "requests": {
            "hashes": [],
            "version": "==2.20.1"
        },
        "requests-html": {
            "hashes": [],
            "version": "==0.9.0"
        },
        "requests-toolbelt": {
            "hashes": [],
            "version": "==0.8.0"
        },
        "six": {
            "hashes": [],
            "version": "==1.11.0"
        },
        "tqdm": {
            "hashes": [],
            "version": "==4.28.1"
        },
        "twine": {
            "hashes": [],
            "version": "==1.12.1"
        },
        "urllib3": {
            "hashes": [],
            "version": "==1.24.1"
        },
        "w3lib": {
            "hashes": [],
            "version": "==1.19.0"
        },
        "webencodings": {
            "hashes": [],
            "version": "==0.5.1"
        },
        "websockets": {
            "hashes": [],
            "version": "==7.0"
        },
        "werkzeug": {
            "hashes": [],
            "version": "==0.14.1"
        }
    },
    "develop": {}
}
